
Microsoft Visual Studio Solution File, Format Version 12.00
# Blend for Visual Studio Version 17
VisualStudioVersion = 17.2.32505.173
MinimumVisualStudioVersion = 10.0.40219.1
Project("{FAE04EC0-301F-11D3-BF4B-00C04F79EFBC}") = "Status Management", "Status Management\Status Management.csproj", "{153DFEE4-B802-4F8C-BBC6-050943BD46C6}"
EndProject
Global
	GlobalSection(SolutionConfigurationPlatforms) = preSolution
		Debug|Any CPU = Debug|Any CPU
		Release|Any CPU = Release|Any CPU
	EndGlobalSection
	GlobalSection(ProjectConfigurationPlatforms) = postSolution
		{153DFEE4-B802-4F8C-BBC6-050943BD46C6}.Debug|Any CPU.ActiveCfg = Debug|Any CPU
		{153DFEE4-B802-4F8C-BBC6-050943BD46C6}.Debug|Any CPU.Build.0 = Debug|Any CPU
		{153DFEE4-B802-4F8C-BBC6-050943BD46C6}.Release|Any CPU.ActiveCfg = Release|Any CPU
		{153DFEE4-B802-4F8C-BBC6-050943BD46C6}.Release|Any CPU.Build.0 = Release|Any CPU
	EndGlobalSection
	GlobalSection(SolutionProperties) = preSolution
		HideSolutionNode = FALSE
	EndGlobalSection
	GlobalSection(ExtensibilityGlobals) = postSolution
		SolutionGuid = {44C9337E-8BF6-4D07-BD82-D472BF62B19E}
	EndGlobalSection
EndGlobal
